
Microsoft Visual Studio Solution File, Format Version 12.00
# Visual Studio Version 17
VisualStudioVersion = 17.2.32616.157
MinimumVisualStudioVersion = 10.0.40219.1
Project("{FAE04EC0-301F-11D3-BF4B-00C04F79EFBC}") = "AppHotel.UWP", "AppHotel\AppHotel.UWP\AppHotel.UWP.csproj", "{B9C0A311-6CAF-4311-B994-7BFAAE1FFCAB}"
EndProject
Project("{FAE04EC0-301F-11D3-BF4B-00C04F79EFBC}") = "AppHotel.Android", "AppHotel\AppHotel.Android\AppHotel.Android.csproj", "{68F80F13-43B6-4973-B617-0BB93B9C933B}"
EndProject
Project("{FAE04EC0-301F-11D3-BF4B-00C04F79EFBC}") = "AppHotel", "AppHotel\AppHotel\AppHotel.csproj", "{02548352-1BD0-479D-B5A1-7A7D99F2050F}"
EndProject
Global
	GlobalSection(SolutionConfigurationPlatforms) = preSolution
		Debug|Any CPU = Debug|Any CPU
		Debug|ARM = Debug|ARM
		Debug|x64 = Debug|x64
		Debug|x86 = Debug|x86
		Release|Any CPU = Release|Any CPU
		Release|ARM = Release|ARM
		Release|x64 = Release|x64
		Release|x86 = Release|x86
	EndGlobalSection
	GlobalSection(ProjectConfigurationPlatforms) = postSolution
		{B9C0A311-6CAF-4311-B994-7BFAAE1FFCAB}.Debug|Any CPU.ActiveCfg = Debug|x64
		{B9C0A311-6CAF-4311-B994-7BFAAE1FFCAB}.Debug|Any CPU.Build.0 = Debug|x64
		{B9C0A311-6CAF-4311-B994-7BFAAE1FFCAB}.Debug|Any CPU.Deploy.0 = Debug|x64
		{B9C0A311-6CAF-4311-B994-7BFAAE1FFCAB}.Debug|ARM.ActiveCfg = Debug|ARM
		{B9C0A311-6CAF-4311-B994-7BFAAE1FFCAB}.Debug|ARM.Build.0 = Debug|ARM
		{B9C0A311-6CAF-4311-B994-7BFAAE1FFCAB}.Debug|ARM.Deploy.0 = Debug|ARM
		{B9C0A311-6CAF-4311-B994-7BFAAE1FFCAB}.Debug|x64.ActiveCfg = Debug|x64
		{B9C0A311-6CAF-4311-B994-7BFAAE1FFCAB}.Debug|x64.Build.0 = Debug|x64
		{B9C0A311-6CAF-4311-B994-7BFAAE1FFCAB}.Debug|x64.Deploy.0 = Debug|x64
		{B9C0A311-6CAF-4311-B994-7BFAAE1FFCAB}.Debug|x86.ActiveCfg = Debug|x86
		{B9C0A311-6CAF-4311-B994-7BFAAE1FFCAB}.Debug|x86.Build.0 = Debug|x86
		{B9C0A311-6CAF-4311-B994-7BFAAE1FFCAB}.Debug|x86.Deploy.0 = Debug|x86
		{B9C0A311-6CAF-4311-B994-7BFAAE1FFCAB}.Release|Any CPU.ActiveCfg = Release|x64
		{B9C0A311-6CAF-4311-B994-7BFAAE1FFCAB}.Release|Any CPU.Build.0 = Release|x64
		{B9C0A311-6CAF-4311-B994-7BFAAE1FFCAB}.Release|Any CPU.Deploy.0 = Release|x64
		{B9C0A311-6CAF-4311-B994-7BFAAE1FFCAB}.Release|ARM.ActiveCfg = Release|ARM
		{B9C0A311-6CAF-4311-B994-7BFAAE1FFCAB}.Release|ARM.Build.0 = Release|ARM
		{B9C0A311-6CAF-4311-B994-7BFAAE1FFCAB}.Release|ARM.Deploy.0 = Release|ARM
		{B9C0A311-6CAF-4311-B994-7BFAAE1FFCAB}.Release|x64.ActiveCfg = Release|x64
		{B9C0A311-6CAF-4311-B994-7BFAAE1FFCAB}.Release|x64.Build.0 = Release|x64
		{B9C0A311-6CAF-4311-B994-7BFAAE1FFCAB}.Release|x64.Deploy.0 = Release|x64
		{B9C0A311-6CAF-4311-B994-7BFAAE1FFCAB}.Release|x86.ActiveCfg = Release|x86
		{B9C0A311-6CAF-4311-B994-7BFAAE1FFCAB}.Release|x86.Build.0 = Release|x86
		{B9C0A311-6CAF-4311-B994-7BFAAE1FFCAB}.Release|x86.Deploy.0 = Release|x86
		{68F80F13-43B6-4973-B617-0BB93B9C933B}.Debug|Any CPU.ActiveCfg = Debug|Any CPU
		{68F80F13-43B6-4973-B617-0BB93B9C933B}.Debug|Any CPU.Build.0 = Debug|Any CPU
		{68F80F13-43B6-4973-B617-0BB93B9C933B}.Debug|Any CPU.Deploy.0 = Debug|Any CPU
		{68F80F13-43B6-4973-B617-0BB93B9C933B}.Debug|ARM.ActiveCfg = Debug|Any CPU
		{68F80F13-43B6-4973-B617-0BB93B9C933B}.Debug|ARM.Build.0 = Debug|Any CPU
		{68F80F13-43B6-4973-B617-0BB93B9C933B}.Debug|ARM.Deploy.0 = Debug|Any CPU
		{68F80F13-43B6-4973-B617-0BB93B9C933B}.Debug|x64.ActiveCfg = Debug|Any CPU
		{68F80F13-43B6-4973-B617-0BB93B9C933B}.Debug|x64.Build.0 = Debug|Any CPU
		{68F80F13-43B6-4973-B617-0BB93B9C933B}.Debug|x64.Deploy.0 = Debug|Any CPU
		{68F80F13-43B6-4973-B617-0BB93B9C933B}.Debug|x86.ActiveCfg = Debug|Any CPU
		{68F80F13-43B6-4973-B617-0BB93B9C933B}.Debug|x86.Build.0 = Debug|Any CPU
		{68F80F13-43B6-4973-B617-0BB93B9C933B}.Debug|x86.Deploy.0 = Debug|Any CPU
		{68F80F13-43B6-4973-B617-0BB93B9C933B}.Release|Any CPU.ActiveCfg = Release|Any CPU
		{68F80F13-43B6-4973-B617-0BB93B9C933B}.Release|Any CPU.Build.0 = Release|Any CPU
		{68F80F13-43B6-4973-B617-0BB93B9C933B}.Release|Any CPU.Deploy.0 = Release|Any CPU
		{68F80F13-43B6-4973-B617-0BB93B9C933B}.Release|ARM.ActiveCfg = Release|Any CPU
		{68F80F13-43B6-4973-B617-0BB93B9C933B}.Release|ARM.Build.0 = Release|Any CPU
		{68F80F13-43B6-4973-B617-0BB93B9C933B}.Release|ARM.Deploy.0 = Release|Any CPU
		{68F80F13-43B6-4973-B617-0BB93B9C933B}.Release|x64.ActiveCfg = Release|Any CPU
		{68F80F13-43B6-4973-B617-0BB93B9C933B}.Release|x64.Build.0 = Release|Any CPU
		{68F80F13-43B6-4973-B617-0BB93B9C933B}.Release|x64.Deploy.0 = Release|Any CPU
		{68F80F13-43B6-4973-B617-0BB93B9C933B}.Release|x86.ActiveCfg = Release|Any CPU
		{68F80F13-43B6-4973-B617-0BB93B9C933B}.Release|x86.Build.0 = Release|Any CPU
		{68F80F13-43B6-4973-B617-0BB93B9C933B}.Release|x86.Deploy.0 = Release|Any CPU
		{02548352-1BD0-479D-B5A1-7A7D99F2050F}.Debug|Any CPU.ActiveCfg = Debug|Any CPU
		{02548352-1BD0-479D-B5A1-7A7D99F2050F}.Debug|Any CPU.Build.0 = Debug|Any CPU
		{02548352-1BD0-479D-B5A1-7A7D99F2050F}.Debug|Any CPU.Deploy.0 = Debug|Any CPU
		{02548352-1BD0-479D-B5A1-7A7D99F2050F}.Debug|ARM.ActiveCfg = Debug|Any CPU
		{02548352-1BD0-479D-B5A1-7A7D99F2050F}.Debug|ARM.Build.0 = Debug|Any CPU
		{02548352-1BD0-479D-B5A1-7A7D99F2050F}.Debug|ARM.Deploy.0 = Debug|Any CPU
		{02548352-1BD0-479D-B5A1-7A7D99F2050F}.Debug|x64.ActiveCfg = Debug|Any CPU
		{02548352-1BD0-479D-B5A1-7A7D99F2050F}.Debug|x64.Build.0 = Debug|Any CPU
		{02548352-1BD0-479D-B5A1-7A7D99F2050F}.Debug|x64.Deploy.0 = Debug|Any CPU
		{02548352-1BD0-479D-B5A1-7A7D99F2050F}.Debug|x86.ActiveCfg = Debug|Any CPU
		{02548352-1BD0-479D-B5A1-7A7D99F2050F}.Debug|x86.Build.0 = Debug|Any CPU
		{02548352-1BD0-479D-B5A1-7A7D99F2050F}.Debug|x86.Deploy.0 = Debug|Any CPU
		{02548352-1BD0-479D-B5A1-7A7D99F2050F}.Release|Any CPU.ActiveCfg = Release|Any CPU
		{02548352-1BD0-479D-B5A1-7A7D99F2050F}.Release|Any CPU.Build.0 = Release|Any CPU
		{02548352-1BD0-479D-B5A1-7A7D99F2050F}.Release|Any CPU.Deploy.0 = Release|Any CPU
		{02548352-1BD0-479D-B5A1-7A7D99F2050F}.Release|ARM.ActiveCfg = Release|Any CPU
		{02548352-1BD0-479D-B5A1-7A7D99F2050F}.Release|ARM.Build.0 = Release|Any CPU
		{02548352-1BD0-479D-B5A1-7A7D99F2050F}.Release|ARM.Deploy.0 = Release|Any CPU
		{02548352-1BD0-479D-B5A1-7A7D99F2050F}.Release|x64.ActiveCfg = Release|Any CPU
		{02548352-1BD0-479D-B5A1-7A7D99F2050F}.Release|x64.Build.0 = Release|Any CPU
		{02548352-1BD0-479D-B5A1-7A7D99F2050F}.Release|x64.Deploy.0 = Release|Any CPU
		{02548352-1BD0-479D-B5A1-7A7D99F2050F}.Release|x86.ActiveCfg = Release|Any CPU
		{02548352-1BD0-479D-B5A1-7A7D99F2050F}.Release|x86.Build.0 = Release|Any CPU
		{02548352-1BD0-479D-B5A1-7A7D99F2050F}.Release|x86.Deploy.0 = Release|Any CPU
	EndGlobalSection
	GlobalSection(SolutionProperties) = preSolution
		HideSolutionNode = FALSE
	EndGlobalSection
	GlobalSection(ExtensibilityGlobals) = postSolution
		SolutionGuid = {9F243E39-5230-46C4-814A-33EDEB7F4E1D}
	EndGlobalSection
EndGlobal
